
Microsoft Visual Studio Solution File, Format Version 12.00
# Visual Studio Version 17
VisualStudioVersion = 17.14.36408.4 d17.14
MinimumVisualStudioVersion = 10.0.40219.1
Project("{FAE04EC0-301F-11D3-BF4B-00C04F79EFBC}") = "Scheduler", "Scheduler.csproj", "{38E2E3C1-CF6D-4D74-95AB-030E532E1D83}"
EndProject
Global
	GlobalSection(SolutionConfigurationPlatforms) = preSolution
		Debug|Any CPU = Debug|Any CPU
		Release|Any CPU = Release|Any CPU
	EndGlobalSection
	GlobalSection(ProjectConfigurationPlatforms) = postSolution
		{38E2E3C1-CF6D-4D74-95AB-030E532E1D83}.Debug|Any CPU.ActiveCfg = Debug|Any CPU
		{38E2E3C1-CF6D-4D74-95AB-030E532E1D83}.Debug|Any CPU.Build.0 = Debug|Any CPU
		{38E2E3C1-CF6D-4D74-95AB-030E532E1D83}.Release|Any CPU.ActiveCfg = Release|Any CPU
		{38E2E3C1-CF6D-4D74-95AB-030E532E1D83}.Release|Any CPU.Build.0 = Release|Any CPU
	EndGlobalSection
	GlobalSection(SolutionProperties) = preSolution
		HideSolutionNode = FALSE
	EndGlobalSection
	GlobalSection(ExtensibilityGlobals) = postSolution
		SolutionGuid = {4082B8EA-4B87-4512-A411-2B43330947E4}
	EndGlobalSection
EndGlobal
